
Microsoft Visual Studio Solution File, Format Version 12.00
# Visual Studio Version 17
VisualStudioVersion = 17.11.35327.3
MinimumVisualStudioVersion = 10.0.40219.1
Project("{888888A0-9F3D-457C-B088-3A5042F75D52}") = "funny", "funny\funny.pyproj", "{DBA59A54-958D-4B8B-B0CE-6E424A74B0AC}"
EndProject
Global
	GlobalSection(SolutionConfigurationPlatforms) = preSolution
		Debug|Any CPU = Debug|Any CPU
		Release|Any CPU = Release|Any CPU
	EndGlobalSection
	GlobalSection(ProjectConfigurationPlatforms) = postSolution
		{DBA59A54-958D-4B8B-B0CE-6E424A74B0AC}.Debug|Any CPU.ActiveCfg = Debug|Any CPU
		{DBA59A54-958D-4B8B-B0CE-6E424A74B0AC}.Release|Any CPU.ActiveCfg = Release|Any CPU
	EndGlobalSection
	GlobalSection(SolutionProperties) = preSolution
		HideSolutionNode = FALSE
	EndGlobalSection
	GlobalSection(ExtensibilityGlobals) = postSolution
		SolutionGuid = {C10EB8B2-CBC0-4C6A-A072-D4C84C799CD5}
	EndGlobalSection
EndGlobal
